
Microsoft Visual Studio Solution File, Format Version 12.00
# Visual Studio Version 16
VisualStudioVersion = 16.0.31321.278
MinimumVisualStudioVersion = 10.0.40219.1
Project("{FAE04EC0-301F-11D3-BF4B-00C04F79EFBC}") = "Vector_Machine_learning", "Vector_Machine_learning\Vector_Machine_learning.csproj", "{9592C0D1-E7B5-48D9-91EA-54F2D811BA98}"
EndProject
Global
	GlobalSection(SolutionConfigurationPlatforms) = preSolution
		Debug|Any CPU = Debug|Any CPU
		Release|Any CPU = Release|Any CPU
	EndGlobalSection
	GlobalSection(ProjectConfigurationPlatforms) = postSolution
		{9592C0D1-E7B5-48D9-91EA-54F2D811BA98}.Debug|Any CPU.ActiveCfg = Debug|Any CPU
		{9592C0D1-E7B5-48D9-91EA-54F2D811BA98}.Debug|Any CPU.Build.0 = Debug|Any CPU
		{9592C0D1-E7B5-48D9-91EA-54F2D811BA98}.Release|Any CPU.ActiveCfg = Release|Any CPU
		{9592C0D1-E7B5-48D9-91EA-54F2D811BA98}.Release|Any CPU.Build.0 = Release|Any CPU
	EndGlobalSection
	GlobalSection(SolutionProperties) = preSolution
		HideSolutionNode = FALSE
	EndGlobalSection
	GlobalSection(ExtensibilityGlobals) = postSolution
		SolutionGuid = {BAEDE902-280D-4EFC-9918-F0E8EE609458}
	EndGlobalSection
EndGlobal
